<?xml version="1.0" encoding="UTF-8" standalone="yes" ?>
<CodeBlocks_project_file>
	<FileVersion major="1" minor="6" />
	<Project>
		<Option title="project" />
		<Option pch_mode="2" />
		<Option compiler="gcc" />
		<Build>
			<Target title="Debug">
				<Option output="bin/Debug/project" prefix_auto="1" extension_auto="1" />
				<Option object_output="obj/Debug/" />
				<Option type="1" />
				<Option compiler="gcc" />
				<Option parameters="news.txt relations.txt users.txt" />
				<Compiler>
					<Add option="-g" />
					<Add directory="include" />
				</Compiler>
			</Target>
			<Target title="Release">
				<Option output="bin/Release/project" prefix_auto="1" extension_auto="1" />
				<Option object_output="obj/Release/" />
				<Option type="1" />
				<Option compiler="gcc" />
				<Option parameters="users.txt relations.txt news.txt" />
				<Compiler>
					<Add option="-O2" />
					<Add directory="include" />
				</Compiler>
				<Linker>
					<Add option="-s" />
				</Linker>
			</Target>
		</Build>
		<Compiler>
			<Add option="-Wall" />
			<Add option="-fexceptions" />
		</Compiler>
		<Unit filename="include/Azienda.h" />
		<Unit filename="include/Date.h" />
		<Unit filename="include/GestioneUtenti.hpp" />
		<Unit filename="include/Gruppo.h" />
		<Unit filename="include/Logging.h" />
		<Unit filename="include/Management.h" />
		<Unit filename="include/Semplice.h" />
		<Unit filename="include/Utente.h" />
		<Unit filename="main.cpp" />
		<Unit filename="src/Azienda.cpp" />
		<Unit filename="src/Date.cpp" />
		<Unit filename="src/Gruppo.cpp" />
		<Unit filename="src/Logging.cpp" />
		<Unit filename="src/Management.cpp" />
		<Unit filename="src/Semplice.cpp" />
		<Unit filename="src/Utente.cpp" />
		<Extensions />
	</Project>
</CodeBlocks_project_file>
